<?xml version="1.0" encoding="utf-8"?>
<Project ToolsVersion="4.0" xmlns="http://schemas.microsoft.com/developer/msbuild/2003">
  <ItemGroup>
    <ClInclude Include="ContentsCore.h" />
    <ClInclude Include="TitleLevel.h">
      <Filter>Level</Filter>
    </ClInclude>
    <ClInclude Include="FirstCave_startPointLevel.h">
      <Filter>Level</Filter>
    </ClInclude>
    <ClInclude Include="EndingLevel.h">
      <Filter>Level</Filter>
    </ClInclude>
    <ClInclude Include="ContentsEnum.h">
      <Filter>Global</Filter>
    </ClInclude>
    <ClInclude Include="Player.h">
      <Filter>Global</Filter>
    </ClInclude>
    <ClInclude Include="BackGround.h">
      <Filter>Global</Filter>
    </ClInclude>
    <ClInclude Include="Bullet.h">
      <Filter>Global</Filter>
    </ClInclude>
    <ClInclude Include="PlayActor.h">
      <Filter>Global</Filter>
    </ClInclude>
    <ClInclude Include="EggCorridor.h">
      <Filter>Level</Filter>
    </ClInclude>
    <ClInclude Include="EggCorridor-Cthulhu%27sAbode.h">
      <Filter>Level</Filter>
    </ClInclude>
    <ClInclude Include="FieldEffect.h">
      <Filter>Global\FieldEffect</Filter>
    </ClInclude>
    <ClInclude Include="HoverEffect.h">
      <Filter>Global\FieldEffect</Filter>
    </ClInclude>
    <ClInclude Include="QuestionMark.h">
      <Filter>Global\FieldEffect</Filter>
    </ClInclude>
    <ClInclude Include="Monster.h">
      <Filter>Global\Monster</Filter>
    </ClInclude>
    <ClInclude Include="MonsterCutter.h">
      <Filter>Global\Monster</Filter>
    </ClInclude>
    <ClInclude Include="CureMachine.h">
      <Filter>Global\Interect</Filter>
    </ClInclude>
    <ClInclude Include="Heart.h">
      <Filter>Global\Interect</Filter>
    </ClInclude>
    <ClInclude Include="Basil.h">
      <Filter>Global\Monster</Filter>
    </ClInclude>
    <ClInclude Include="BeetleFree.h">
      <Filter>Global\Monster</Filter>
    </ClInclude>
    <ClInclude Include="BeetleWall.h">
      <Filter>Global\Monster</Filter>
    </ClInclude>
    <ClInclude Include="PlayUIManager.h">
      <Filter>UI</Filter>
    </ClInclude>
    <ClInclude Include="Arthur_sHouse.h">
      <Filter>Level</Filter>
    </ClInclude>
    <ClInclude Include="ExpBall.h">
      <Filter>Global\FieldEffect</Filter>
    </ClInclude>
    <ClInclude Include="Behemoth.h">
      <Filter>Global\Monster</Filter>
    </ClInclude>
    <ClInclude Include="TelePorter.h">
      <Filter>Global\Interect</Filter>
    </ClInclude>
    <ClInclude Include="Door.h">
      <Filter>Global\Interect</Filter>
    </ClInclude>
    <ClInclude Include="LevelUp.h">
      <Filter>Global\FieldEffect</Filter>
    </ClInclude>
  </ItemGroup>
  <ItemGroup>
    <ClCompile Include="ContentsCore.cpp" />
    <ClCompile Include="TitleLevel.cpp">
      <Filter>Level</Filter>
    </ClCompile>
    <ClCompile Include="FirstCave_startPointLevel.cpp">
      <Filter>Level</Filter>
    </ClCompile>
    <ClCompile Include="EndingLevel.cpp">
      <Filter>Level</Filter>
    </ClCompile>
    <ClCompile Include="Player.cpp">
      <Filter>Global</Filter>
    </ClCompile>
    <ClCompile Include="BackGround.cpp">
      <Filter>Global</Filter>
    </ClCompile>
    <ClCompile Include="Bullet.cpp">
      <Filter>Global</Filter>
    </ClCompile>
    <ClCompile Include="Player_State.cpp">
      <Filter>Global</Filter>
    </ClCompile>
    <ClCompile Include="PlayActor.cpp">
      <Filter>Global</Filter>
    </ClCompile>
    <ClCompile Include="EggCorridor.cpp">
      <Filter>Level</Filter>
    </ClCompile>
    <ClCompile Include="EggCorridor-Cthulhu%27sAbode.cpp">
      <Filter>Level</Filter>
    </ClCompile>
    <ClCompile Include="FieldEffect.cpp">
      <Filter>Global\FieldEffect</Filter>
    </ClCompile>
    <ClCompile Include="HoverEffect.cpp">
      <Filter>Global\FieldEffect</Filter>
    </ClCompile>
    <ClCompile Include="QuestionMark.cpp">
      <Filter>Global\FieldEffect</Filter>
    </ClCompile>
    <ClCompile Include="Monster.cpp">
      <Filter>Global\Monster</Filter>
    </ClCompile>
    <ClCompile Include="MonsterCutter.cpp">
      <Filter>Global\Monster</Filter>
    </ClCompile>
    <ClCompile Include="CureMachine.cpp">
      <Filter>Global\Interect</Filter>
    </ClCompile>
    <ClCompile Include="Heart.cpp">
      <Filter>Global\Interect</Filter>
    </ClCompile>
    <ClCompile Include="Basil.cpp">
      <Filter>Global\Monster</Filter>
    </ClCompile>
    <ClCompile Include="BeetleFree.cpp">
      <Filter>Global\Monster</Filter>
    </ClCompile>
    <ClCompile Include="BeetleWall.cpp">
      <Filter>Global\Monster</Filter>
    </ClCompile>
    <ClCompile Include="PlayUIManager.cpp">
      <Filter>UI</Filter>
    </ClCompile>
    <ClCompile Include="Arthur_sHouse.cpp">
      <Filter>Level</Filter>
    </ClCompile>
    <ClCompile Include="ExpBall.cpp">
      <Filter>Global\FieldEffect</Filter>
    </ClCompile>
    <ClCompile Include="Behemoth.cpp">
      <Filter>Global\Monster</Filter>
    </ClCompile>
    <ClCompile Include="TelePorter.cpp">
      <Filter>Global\Interect</Filter>
    </ClCompile>
    <ClCompile Include="Door.cpp">
      <Filter>Global\Interect</Filter>
    </ClCompile>
    <ClCompile Include="LevelUp.cpp">
      <Filter>Global\FieldEffect</Filter>
    </ClCompile>
  </ItemGroup>
  <ItemGroup>
    <Filter Include="Level">
      <UniqueIdentifier>{f8d77929-6199-4d17-a41a-e03b04ef80f8}</UniqueIdentifier>
    </Filter>
    <Filter Include="Global">
      <UniqueIdentifier>{4b3ea79b-8048-4e1a-a66d-de20948e1b8f}</UniqueIdentifier>
    </Filter>
    <Filter Include="Global\FieldEffect">
      <UniqueIdentifier>{78f1b3d2-53b5-4d23-a906-141dc96096d5}</UniqueIdentifier>
    </Filter>
    <Filter Include="Global\Monster">
      <UniqueIdentifier>{79c6405c-b9f9-436f-a84c-3d52d0e6627b}</UniqueIdentifier>
    </Filter>
    <Filter Include="Global\Interect">
      <UniqueIdentifier>{e03ca1b7-b45e-420e-95ff-2940904951bc}</UniqueIdentifier>
    </Filter>
    <Filter Include="UI">
      <UniqueIdentifier>{a502bf35-95cb-4e3e-8d83-e631f98fcc5e}</UniqueIdentifier>
    </Filter>
  </ItemGroup>
</Project>