<?xml version="1.0" encoding="utf-8"?>
<Project ToolsVersion="4.0" xmlns="http://schemas.microsoft.com/developer/msbuild/2003">
  <ItemGroup>
    <ClInclude Include="ContentsCore.h" />
    <ClInclude Include="TitleLevel.h">
      <Filter>Level</Filter>
    </ClInclude>
    <ClInclude Include="FirstCave_startPointLevel.h">
      <Filter>Level</Filter>
    </ClInclude>
    <ClInclude Include="EndingLevel.h">
      <Filter>Level</Filter>
    </ClInclude>
    <ClInclude Include="ContentsEnum.h">
      <Filter>Global</Filter>
    </ClInclude>
    <ClInclude Include="Player.h">
      <Filter>Global</Filter>
    </ClInclude>
    <ClInclude Include="BackGround.h">
      <Filter>Global</Filter>
    </ClInclude>
    <ClInclude Include="Bullet.h">
      <Filter>Global</Filter>
    </ClInclude>
    <ClInclude Include="PlayActor.h">
      <Filter>Global</Filter>
    </ClInclude>
    <ClInclude Include="EggCorridor.h">
      <Filter>Level</Filter>
    </ClInclude>
  </ItemGroup>
  <ItemGroup>
    <ClCompile Include="ContentsCore.cpp" />
    <ClCompile Include="TitleLevel.cpp">
      <Filter>Level</Filter>
    </ClCompile>
    <ClCompile Include="FirstCave_startPointLevel.cpp">
      <Filter>Level</Filter>
    </ClCompile>
    <ClCompile Include="EndingLevel.cpp">
      <Filter>Level</Filter>
    </ClCompile>
    <ClCompile Include="Player.cpp">
      <Filter>Global</Filter>
    </ClCompile>
    <ClCompile Include="BackGround.cpp">
      <Filter>Global</Filter>
    </ClCompile>
    <ClCompile Include="Bullet.cpp">
      <Filter>Global</Filter>
    </ClCompile>
    <ClCompile Include="Player_State.cpp">
      <Filter>Global</Filter>
    </ClCompile>
    <ClCompile Include="PlayActor.cpp">
      <Filter>Global</Filter>
    </ClCompile>
    <ClCompile Include="EggCorridor.cpp">
      <Filter>Level</Filter>
    </ClCompile>
  </ItemGroup>
  <ItemGroup>
    <Filter Include="Level">
      <UniqueIdentifier>{f8d77929-6199-4d17-a41a-e03b04ef80f8}</UniqueIdentifier>
    </Filter>
    <Filter Include="Global">
      <UniqueIdentifier>{4b3ea79b-8048-4e1a-a66d-de20948e1b8f}</UniqueIdentifier>
    </Filter>
  </ItemGroup>
</Project>