
Microsoft Visual Studio Solution File, Format Version 12.00
# Visual Studio Version 17
VisualStudioVersion = 17.5.33424.131
MinimumVisualStudioVersion = 10.0.40219.1
Project("{2150E333-8FDC-42A3-9474-1A3956D46DE8}") = "Level0", "Level0", "{EBE1748F-92CA-448D-BA77-14D8A11D8126}"
EndProject
Project("{2150E333-8FDC-42A3-9474-1A3956D46DE8}") = "Level1", "Level1", "{711B473E-C985-4672-9E0B-EC95FE1EFD83}"
EndProject
Project("{2150E333-8FDC-42A3-9474-1A3956D46DE8}") = "Level2", "Level2", "{7D501A70-9639-4BF0-8A36-A815869DDFC0}"
EndProject
Project("{2150E333-8FDC-42A3-9474-1A3956D46DE8}") = "Level3", "Level3", "{7E7AAA35-F90E-4189-9734-4E8355BF823E}"
EndProject
Project("{2150E333-8FDC-42A3-9474-1A3956D46DE8}") = "Level4", "Level4", "{68955E4F-3A49-4E32-98C6-4D34FDB1A6B6}"
EndProject
Project("{8BC9CEB8-8B4A-11D0-8D11-00A0C91BC942}") = "GameEngineCore", "GameEngineCore\GameEngineCore.vcxproj", "{5B3A6756-468A-48B2-9A7E-C87B1588EC4E}"
	ProjectSection(ProjectDependencies) = postProject
		{02F4CCA9-87AF-49C9-9222-7605E2A75A6F} = {02F4CCA9-87AF-49C9-9222-7605E2A75A6F}
		{43E95582-82FC-46C5-A7CA-7D887CD0432B} = {43E95582-82FC-46C5-A7CA-7D887CD0432B}
	EndProjectSection
EndProject
Project("{8BC9CEB8-8B4A-11D0-8D11-00A0C91BC942}") = "GameEnginePlatform", "GameEnginePlatform\GameEnginePlatform.vcxproj", "{02F4CCA9-87AF-49C9-9222-7605E2A75A6F}"
	ProjectSection(ProjectDependencies) = postProject
		{43E95582-82FC-46C5-A7CA-7D887CD0432B} = {43E95582-82FC-46C5-A7CA-7D887CD0432B}
	EndProjectSection
EndProject
Project("{8BC9CEB8-8B4A-11D0-8D11-00A0C91BC942}") = "GameEngineBase", "GameEngineBase\GameEngineBase.vcxproj", "{43E95582-82FC-46C5-A7CA-7D887CD0432B}"
EndProject
Project("{8BC9CEB8-8B4A-11D0-8D11-00A0C91BC942}") = "CaveStory_Contents", "CaveStory_Contents\CaveStory_Contents.vcxproj", "{CFA5E874-E330-4E83-95F0-86E942F693A5}"
	ProjectSection(ProjectDependencies) = postProject
		{02F4CCA9-87AF-49C9-9222-7605E2A75A6F} = {02F4CCA9-87AF-49C9-9222-7605E2A75A6F}
		{43E95582-82FC-46C5-A7CA-7D887CD0432B} = {43E95582-82FC-46C5-A7CA-7D887CD0432B}
		{5B3A6756-468A-48B2-9A7E-C87B1588EC4E} = {5B3A6756-468A-48B2-9A7E-C87B1588EC4E}
	EndProjectSection
EndProject
Project("{8BC9CEB8-8B4A-11D0-8D11-00A0C91BC942}") = "CaveStory_App", "CaveStory_App\CaveStory_App.vcxproj", "{4E4102B9-C56B-4C0A-B2F0-FA2B568026F9}"
	ProjectSection(ProjectDependencies) = postProject
		{02F4CCA9-87AF-49C9-9222-7605E2A75A6F} = {02F4CCA9-87AF-49C9-9222-7605E2A75A6F}
		{43E95582-82FC-46C5-A7CA-7D887CD0432B} = {43E95582-82FC-46C5-A7CA-7D887CD0432B}
		{5B3A6756-468A-48B2-9A7E-C87B1588EC4E} = {5B3A6756-468A-48B2-9A7E-C87B1588EC4E}
		{CFA5E874-E330-4E83-95F0-86E942F693A5} = {CFA5E874-E330-4E83-95F0-86E942F693A5}
	EndProjectSection
EndProject
Global
	GlobalSection(SolutionConfigurationPlatforms) = preSolution
		Debug|x64 = Debug|x64
		Debug|x86 = Debug|x86
		Release|x64 = Release|x64
		Release|x86 = Release|x86
	EndGlobalSection
	GlobalSection(ProjectConfigurationPlatforms) = postSolution
		{5B3A6756-468A-48B2-9A7E-C87B1588EC4E}.Debug|x64.ActiveCfg = Debug|x64
		{5B3A6756-468A-48B2-9A7E-C87B1588EC4E}.Debug|x64.Build.0 = Debug|x64
		{5B3A6756-468A-48B2-9A7E-C87B1588EC4E}.Debug|x86.ActiveCfg = Debug|Win32
		{5B3A6756-468A-48B2-9A7E-C87B1588EC4E}.Debug|x86.Build.0 = Debug|Win32
		{5B3A6756-468A-48B2-9A7E-C87B1588EC4E}.Release|x64.ActiveCfg = Release|x64
		{5B3A6756-468A-48B2-9A7E-C87B1588EC4E}.Release|x64.Build.0 = Release|x64
		{5B3A6756-468A-48B2-9A7E-C87B1588EC4E}.Release|x86.ActiveCfg = Release|Win32
		{5B3A6756-468A-48B2-9A7E-C87B1588EC4E}.Release|x86.Build.0 = Release|Win32
		{02F4CCA9-87AF-49C9-9222-7605E2A75A6F}.Debug|x64.ActiveCfg = Debug|x64
		{02F4CCA9-87AF-49C9-9222-7605E2A75A6F}.Debug|x64.Build.0 = Debug|x64
		{02F4CCA9-87AF-49C9-9222-7605E2A75A6F}.Debug|x86.ActiveCfg = Debug|Win32
		{02F4CCA9-87AF-49C9-9222-7605E2A75A6F}.Debug|x86.Build.0 = Debug|Win32
		{02F4CCA9-87AF-49C9-9222-7605E2A75A6F}.Release|x64.ActiveCfg = Release|x64
		{02F4CCA9-87AF-49C9-9222-7605E2A75A6F}.Release|x64.Build.0 = Release|x64
		{02F4CCA9-87AF-49C9-9222-7605E2A75A6F}.Release|x86.ActiveCfg = Release|Win32
		{02F4CCA9-87AF-49C9-9222-7605E2A75A6F}.Release|x86.Build.0 = Release|Win32
		{43E95582-82FC-46C5-A7CA-7D887CD0432B}.Debug|x64.ActiveCfg = Debug|x64
		{43E95582-82FC-46C5-A7CA-7D887CD0432B}.Debug|x64.Build.0 = Debug|x64
		{43E95582-82FC-46C5-A7CA-7D887CD0432B}.Debug|x86.ActiveCfg = Debug|Win32
		{43E95582-82FC-46C5-A7CA-7D887CD0432B}.Debug|x86.Build.0 = Debug|Win32
		{43E95582-82FC-46C5-A7CA-7D887CD0432B}.Release|x64.ActiveCfg = Release|x64
		{43E95582-82FC-46C5-A7CA-7D887CD0432B}.Release|x64.Build.0 = Release|x64
		{43E95582-82FC-46C5-A7CA-7D887CD0432B}.Release|x86.ActiveCfg = Release|Win32
		{43E95582-82FC-46C5-A7CA-7D887CD0432B}.Release|x86.Build.0 = Release|Win32
		{CFA5E874-E330-4E83-95F0-86E942F693A5}.Debug|x64.ActiveCfg = Debug|x64
		{CFA5E874-E330-4E83-95F0-86E942F693A5}.Debug|x64.Build.0 = Debug|x64
		{CFA5E874-E330-4E83-95F0-86E942F693A5}.Debug|x86.ActiveCfg = Debug|Win32
		{CFA5E874-E330-4E83-95F0-86E942F693A5}.Debug|x86.Build.0 = Debug|Win32
		{CFA5E874-E330-4E83-95F0-86E942F693A5}.Release|x64.ActiveCfg = Release|x64
		{CFA5E874-E330-4E83-95F0-86E942F693A5}.Release|x64.Build.0 = Release|x64
		{CFA5E874-E330-4E83-95F0-86E942F693A5}.Release|x86.ActiveCfg = Release|Win32
		{CFA5E874-E330-4E83-95F0-86E942F693A5}.Release|x86.Build.0 = Release|Win32
		{4E4102B9-C56B-4C0A-B2F0-FA2B568026F9}.Debug|x64.ActiveCfg = Debug|x64
		{4E4102B9-C56B-4C0A-B2F0-FA2B568026F9}.Debug|x64.Build.0 = Debug|x64
		{4E4102B9-C56B-4C0A-B2F0-FA2B568026F9}.Debug|x86.ActiveCfg = Debug|Win32
		{4E4102B9-C56B-4C0A-B2F0-FA2B568026F9}.Debug|x86.Build.0 = Debug|Win32
		{4E4102B9-C56B-4C0A-B2F0-FA2B568026F9}.Release|x64.ActiveCfg = Release|x64
		{4E4102B9-C56B-4C0A-B2F0-FA2B568026F9}.Release|x64.Build.0 = Release|x64
		{4E4102B9-C56B-4C0A-B2F0-FA2B568026F9}.Release|x86.ActiveCfg = Release|Win32
		{4E4102B9-C56B-4C0A-B2F0-FA2B568026F9}.Release|x86.Build.0 = Release|Win32
	EndGlobalSection
	GlobalSection(SolutionProperties) = preSolution
		HideSolutionNode = FALSE
	EndGlobalSection
	GlobalSection(NestedProjects) = preSolution
		{5B3A6756-468A-48B2-9A7E-C87B1588EC4E} = {7D501A70-9639-4BF0-8A36-A815869DDFC0}
		{02F4CCA9-87AF-49C9-9222-7605E2A75A6F} = {711B473E-C985-4672-9E0B-EC95FE1EFD83}
		{43E95582-82FC-46C5-A7CA-7D887CD0432B} = {EBE1748F-92CA-448D-BA77-14D8A11D8126}
		{CFA5E874-E330-4E83-95F0-86E942F693A5} = {7E7AAA35-F90E-4189-9734-4E8355BF823E}
		{4E4102B9-C56B-4C0A-B2F0-FA2B568026F9} = {68955E4F-3A49-4E32-98C6-4D34FDB1A6B6}
	EndGlobalSection
	GlobalSection(ExtensibilityGlobals) = postSolution
		SolutionGuid = {C236145F-4411-452E-A814-F083CB94F88E}
	EndGlobalSection
EndGlobal
